
Microsoft Visual Studio Solution File, Format Version 12.00
# Visual Studio Version 16
VisualStudioVersion = 16.0.34031.81
MinimumVisualStudioVersion = 10.0.40219.1
Project("{FAE04EC0-301F-11D3-BF4B-00C04F79EFBC}") = "WorldFlags", "WorldFlags.csproj", "{A5D037F1-673E-4CE6-AC26-685E606E8AE3}"
EndProject
Global
	GlobalSection(SolutionConfigurationPlatforms) = preSolution
		Debug|Any CPU = Debug|Any CPU
		Release|Any CPU = Release|Any CPU
	EndGlobalSection
	GlobalSection(ProjectConfigurationPlatforms) = postSolution
		{A5D037F1-673E-4CE6-AC26-685E606E8AE3}.Debug|Any CPU.ActiveCfg = Debug|Any CPU
		{A5D037F1-673E-4CE6-AC26-685E606E8AE3}.Debug|Any CPU.Build.0 = Debug|Any CPU
		{A5D037F1-673E-4CE6-AC26-685E606E8AE3}.Release|Any CPU.ActiveCfg = Release|Any CPU
		{A5D037F1-673E-4CE6-AC26-685E606E8AE3}.Release|Any CPU.Build.0 = Release|Any CPU
	EndGlobalSection
	GlobalSection(SolutionProperties) = preSolution
		HideSolutionNode = FALSE
	EndGlobalSection
	GlobalSection(ExtensibilityGlobals) = postSolution
		SolutionGuid = {826B0804-D01B-44BB-981D-4C27D0A11424}
	EndGlobalSection
EndGlobal
